{
  "name": "mini",
  "version": "1.0.0",
  "lockfileVersion": 3,
  "requires": true,
  "packages": {
    "": {
      "name": "mini",
      "version": "1.0.0",
      "license": "ISC",
      "dependencies": {
        "address": "^1.2.2"
      }
    },
    "node_modules/address": {
      "version": "1.2.2",
      "resolved": "https://registry.npmjs.org/address/-/address-1.2.2.tgz",
      "integrity": "sha512-4B/qKCfeE/ODUaAUpSwfzazo5x29WD4r3vXiWsB7I2mSDAihwEqKO+g8GELZUQSSAo5e1XTYh3ZVfLyxBc12nA==",
      "engines": {
        "node": ">= 10.0.0"
      }
    }
  }
}
